
Microsoft Visual Studio Solution File, Format Version 12.00
# Visual Studio Version 17
VisualStudioVersion = 17.10.35013.160
MinimumVisualStudioVersion = 10.0.40219.1
Project("{9A19103F-16F7-4668-BE54-9A1E7A4F7556}") = "StudentWebApp", "StudentWebApp\StudentWebApp.csproj", "{936B91C9-CCB2-4DD4-ABBF-5CEF7B525477}"
EndProject
Project("{FAE04EC0-301F-11D3-BF4B-00C04F79EFBC}") = "StudentWebAPI", "StudentWebAPI\StudentWebAPI.csproj", "{82E85A64-2F79-4858-B83B-4DDEEE731C83}"
EndProject
Global
	GlobalSection(SolutionConfigurationPlatforms) = preSolution
		Debug|Any CPU = Debug|Any CPU
		Release|Any CPU = Release|Any CPU
	EndGlobalSection
	GlobalSection(ProjectConfigurationPlatforms) = postSolution
		{936B91C9-CCB2-4DD4-ABBF-5CEF7B525477}.Debug|Any CPU.ActiveCfg = Debug|Any CPU
		{936B91C9-CCB2-4DD4-ABBF-5CEF7B525477}.Debug|Any CPU.Build.0 = Debug|Any CPU
		{936B91C9-CCB2-4DD4-ABBF-5CEF7B525477}.Release|Any CPU.ActiveCfg = Release|Any CPU
		{936B91C9-CCB2-4DD4-ABBF-5CEF7B525477}.Release|Any CPU.Build.0 = Release|Any CPU
		{82E85A64-2F79-4858-B83B-4DDEEE731C83}.Debug|Any CPU.ActiveCfg = Debug|Any CPU
		{82E85A64-2F79-4858-B83B-4DDEEE731C83}.Debug|Any CPU.Build.0 = Debug|Any CPU
		{82E85A64-2F79-4858-B83B-4DDEEE731C83}.Release|Any CPU.ActiveCfg = Release|Any CPU
		{82E85A64-2F79-4858-B83B-4DDEEE731C83}.Release|Any CPU.Build.0 = Release|Any CPU
	EndGlobalSection
	GlobalSection(SolutionProperties) = preSolution
		HideSolutionNode = FALSE
	EndGlobalSection
	GlobalSection(ExtensibilityGlobals) = postSolution
		SolutionGuid = {07594B0D-7742-480A-A38B-7B9DE7E8D19B}
	EndGlobalSection
EndGlobal
