
Microsoft Visual Studio Solution File, Format Version 12.00
# Visual Studio Version 17
VisualStudioVersion = 17.10.35013.160
MinimumVisualStudioVersion = 10.0.40219.1
Project("{FAE04EC0-301F-11D3-BF4B-00C04F79EFBC}") = "GDlib", "GDlib\GDlib.csproj", "{490E92D9-5452-432B-8AEA-BCF5306289A5}"
EndProject
Project("{FAE04EC0-301F-11D3-BF4B-00C04F79EFBC}") = "PaintConsole", "PaintConsole\PaintConsole.csproj", "{F383A62A-E62A-47F7-A6B4-9FEFE21AE958}"
EndProject
Global
	GlobalSection(SolutionConfigurationPlatforms) = preSolution
		Debug|Any CPU = Debug|Any CPU
		Release|Any CPU = Release|Any CPU
	EndGlobalSection
	GlobalSection(ProjectConfigurationPlatforms) = postSolution
		{490E92D9-5452-432B-8AEA-BCF5306289A5}.Debug|Any CPU.ActiveCfg = Debug|Any CPU
		{490E92D9-5452-432B-8AEA-BCF5306289A5}.Debug|Any CPU.Build.0 = Debug|Any CPU
		{490E92D9-5452-432B-8AEA-BCF5306289A5}.Release|Any CPU.ActiveCfg = Release|Any CPU
		{490E92D9-5452-432B-8AEA-BCF5306289A5}.Release|Any CPU.Build.0 = Release|Any CPU
		{F383A62A-E62A-47F7-A6B4-9FEFE21AE958}.Debug|Any CPU.ActiveCfg = Debug|Any CPU
		{F383A62A-E62A-47F7-A6B4-9FEFE21AE958}.Debug|Any CPU.Build.0 = Debug|Any CPU
		{F383A62A-E62A-47F7-A6B4-9FEFE21AE958}.Release|Any CPU.ActiveCfg = Release|Any CPU
		{F383A62A-E62A-47F7-A6B4-9FEFE21AE958}.Release|Any CPU.Build.0 = Release|Any CPU
	EndGlobalSection
	GlobalSection(SolutionProperties) = preSolution
		HideSolutionNode = FALSE
	EndGlobalSection
	GlobalSection(ExtensibilityGlobals) = postSolution
		SolutionGuid = {21ACA047-7CFE-4E00-B080-EA333865C448}
	EndGlobalSection
EndGlobal
