
Microsoft Visual Studio Solution File, Format Version 12.00
# Visual Studio Version 17
VisualStudioVersion = 17.10.35013.160
MinimumVisualStudioVersion = 10.0.40219.1
Project("{FAE04EC0-301F-11D3-BF4B-00C04F79EFBC}") = "Ecommerce", "Ecommerce\Ecommerce.csproj", "{F90BD4FC-8368-4743-B59B-8915D30E451C}"
EndProject
Global
	GlobalSection(SolutionConfigurationPlatforms) = preSolution
		Debug|Any CPU = Debug|Any CPU
		Release|Any CPU = Release|Any CPU
	EndGlobalSection
	GlobalSection(ProjectConfigurationPlatforms) = postSolution
		{F90BD4FC-8368-4743-B59B-8915D30E451C}.Debug|Any CPU.ActiveCfg = Debug|Any CPU
		{F90BD4FC-8368-4743-B59B-8915D30E451C}.Debug|Any CPU.Build.0 = Debug|Any CPU
		{F90BD4FC-8368-4743-B59B-8915D30E451C}.Release|Any CPU.ActiveCfg = Release|Any CPU
		{F90BD4FC-8368-4743-B59B-8915D30E451C}.Release|Any CPU.Build.0 = Release|Any CPU
	EndGlobalSection
	GlobalSection(SolutionProperties) = preSolution
		HideSolutionNode = FALSE
	EndGlobalSection
	GlobalSection(ExtensibilityGlobals) = postSolution
		SolutionGuid = {BC16CED7-64E6-47FB-BA21-8ABEDBD6289A}
	EndGlobalSection
EndGlobal
